
Microsoft Visual Studio Solution File, Format Version 12.00
# Visual Studio 15
VisualStudioVersion = 15.0.28010.2003
MinimumVisualStudioVersion = 10.0.40219.1
Project("{9092AA53-FB77-4645-B42D-1CCCA6BD08BD}") = "2-8-1", "2-8-1.njsproj", "{B0108B41-4DCF-47D3-8067-961DAEA52EE1}"
EndProject
Global
	GlobalSection(SolutionConfigurationPlatforms) = preSolution
		Debug|Any CPU = Debug|Any CPU
		Release|Any CPU = Release|Any CPU
	EndGlobalSection
	GlobalSection(ProjectConfigurationPlatforms) = postSolution
		{B0108B41-4DCF-47D3-8067-961DAEA52EE1}.Debug|Any CPU.ActiveCfg = Debug|Any CPU
		{B0108B41-4DCF-47D3-8067-961DAEA52EE1}.Debug|Any CPU.Build.0 = Debug|Any CPU
		{B0108B41-4DCF-47D3-8067-961DAEA52EE1}.Release|Any CPU.ActiveCfg = Release|Any CPU
		{B0108B41-4DCF-47D3-8067-961DAEA52EE1}.Release|Any CPU.Build.0 = Release|Any CPU
	EndGlobalSection
	GlobalSection(SolutionProperties) = preSolution
		HideSolutionNode = FALSE
	EndGlobalSection
	GlobalSection(ExtensibilityGlobals) = postSolution
		SolutionGuid = {4BD75C8B-7BB8-4490-8C91-AE70AD51D14D}
	EndGlobalSection
EndGlobal
