
Microsoft Visual Studio Solution File, Format Version 12.00
# Visual Studio 15
VisualStudioVersion = 15.0.28010.2003
MinimumVisualStudioVersion = 10.0.40219.1
Project("{9092AA53-FB77-4645-B42D-1CCCA6BD08BD}") = "3-mongodb-lab", "3-mongodb-lab.njsproj", "{2E7C20D4-86C6-4D0D-BF1F-0BC3A6D4968E}"
EndProject
Global
	GlobalSection(SolutionConfigurationPlatforms) = preSolution
		Debug|Any CPU = Debug|Any CPU
		Release|Any CPU = Release|Any CPU
	EndGlobalSection
	GlobalSection(ProjectConfigurationPlatforms) = postSolution
		{2E7C20D4-86C6-4D0D-BF1F-0BC3A6D4968E}.Debug|Any CPU.ActiveCfg = Debug|Any CPU
		{2E7C20D4-86C6-4D0D-BF1F-0BC3A6D4968E}.Debug|Any CPU.Build.0 = Debug|Any CPU
		{2E7C20D4-86C6-4D0D-BF1F-0BC3A6D4968E}.Release|Any CPU.ActiveCfg = Release|Any CPU
		{2E7C20D4-86C6-4D0D-BF1F-0BC3A6D4968E}.Release|Any CPU.Build.0 = Release|Any CPU
	EndGlobalSection
	GlobalSection(SolutionProperties) = preSolution
		HideSolutionNode = FALSE
	EndGlobalSection
	GlobalSection(ExtensibilityGlobals) = postSolution
		SolutionGuid = {CD98D8C3-5B33-4DF7-A339-F6F447FF4183}
	EndGlobalSection
EndGlobal
